<Solution>
  <Folder Name="/src/">
    <Project Path="src/Dbbliss.Backend/Dbbliss.Backend.csproj" />
  </Folder>
  <Folder Name="/tests/">
    <Project Path="tests/Dbbliss.CancelTests/Dbbliss.CancelTests.csproj" />
    <Project Path="tests/Dbbliss.ProtocolTests/Dbbliss.ProtocolTests.csproj" />
  </Folder>
</Solution>
